
Microsoft Visual Studio Solution File, Format Version 12.00
# Visual Studio Version 17
VisualStudioVersion = 17.9.34701.34
MinimumVisualStudioVersion = 10.0.40219.1
Project("{9A19103F-16F7-4668-BE54-9A1E7A4F7556}") = "ClassLibrary2", "ClassLibrary2\ClassLibrary2.csproj", "{38AE3343-0D98-4340-B8B8-3D84044E96F0}"
EndProject
Project("{9A19103F-16F7-4668-BE54-9A1E7A4F7556}") = "TestProject2", "TestProject2\TestProject2.csproj", "{84EE13C4-58CD-48D6-912C-BC6E49957131}"
EndProject
Project("{FAE04EC0-301F-11D3-BF4B-00C04F79EFBC}") = "PresentationLayer", "PresentationLayer\PresentationLayer.csproj", "{C1C84595-1305-4062-B00B-46433B9C852E}"
EndProject
Project("{2150E333-8FDC-42A3-9474-1A3956D46DE8}") = "Solution Items", "Solution Items", "{A2FEA81C-E244-4FB1-B5E7-318BCFD89047}"
	ProjectSection(SolutionItems) = preProject
		.editorconfig = .editorconfig
	EndProjectSection
EndProject
Global
	GlobalSection(SolutionConfigurationPlatforms) = preSolution
		Debug|Any CPU = Debug|Any CPU
		Release|Any CPU = Release|Any CPU
	EndGlobalSection
	GlobalSection(ProjectConfigurationPlatforms) = postSolution
		{38AE3343-0D98-4340-B8B8-3D84044E96F0}.Debug|Any CPU.ActiveCfg = Debug|Any CPU
		{38AE3343-0D98-4340-B8B8-3D84044E96F0}.Debug|Any CPU.Build.0 = Debug|Any CPU
		{38AE3343-0D98-4340-B8B8-3D84044E96F0}.Release|Any CPU.ActiveCfg = Release|Any CPU
		{38AE3343-0D98-4340-B8B8-3D84044E96F0}.Release|Any CPU.Build.0 = Release|Any CPU
		{84EE13C4-58CD-48D6-912C-BC6E49957131}.Debug|Any CPU.ActiveCfg = Debug|Any CPU
		{84EE13C4-58CD-48D6-912C-BC6E49957131}.Debug|Any CPU.Build.0 = Debug|Any CPU
		{84EE13C4-58CD-48D6-912C-BC6E49957131}.Release|Any CPU.ActiveCfg = Release|Any CPU
		{84EE13C4-58CD-48D6-912C-BC6E49957131}.Release|Any CPU.Build.0 = Release|Any CPU
		{C1C84595-1305-4062-B00B-46433B9C852E}.Debug|Any CPU.ActiveCfg = Debug|Any CPU
		{C1C84595-1305-4062-B00B-46433B9C852E}.Debug|Any CPU.Build.0 = Debug|Any CPU
		{C1C84595-1305-4062-B00B-46433B9C852E}.Release|Any CPU.ActiveCfg = Release|Any CPU
		{C1C84595-1305-4062-B00B-46433B9C852E}.Release|Any CPU.Build.0 = Release|Any CPU
	EndGlobalSection
	GlobalSection(SolutionProperties) = preSolution
		HideSolutionNode = FALSE
	EndGlobalSection
	GlobalSection(ExtensibilityGlobals) = postSolution
		SolutionGuid = {5143CD32-4289-47E0-A539-30253D225B49}
	EndGlobalSection
EndGlobal
