
Microsoft Visual Studio Solution File, Format Version 12.00
# Visual Studio Version 17
VisualStudioVersion = 17.9.34701.34
MinimumVisualStudioVersion = 10.0.40219.1
Project("{9A19103F-16F7-4668-BE54-9A1E7A4F7556}") = "Data", "Data\Data.csproj", "{CDBCFB67-F320-4E45-8B40-847568F7EC72}"
EndProject
Project("{9A19103F-16F7-4668-BE54-9A1E7A4F7556}") = "DataTest", "DataTest\DataTest.csproj", "{E62887F2-9859-41BC-A282-69A4A57279E6}"
EndProject
Project("{9A19103F-16F7-4668-BE54-9A1E7A4F7556}") = "Services", "Services\Services.csproj", "{08AFA99D-E5D8-4061-B162-5CC5188C4539}"
EndProject
Project("{9A19103F-16F7-4668-BE54-9A1E7A4F7556}") = "ServicesTest", "ServicesTest\ServicesTest.csproj", "{54B3C129-CBAC-46B0-8BC3-6528DA800F54}"
EndProject
Project("{9A19103F-16F7-4668-BE54-9A1E7A4F7556}") = "Presentation", "Presentation\Presentation.csproj", "{8968470A-5DEB-43B7-8DE1-3FE15FC720CE}"
EndProject
Global
	GlobalSection(SolutionConfigurationPlatforms) = preSolution
		Debug|Any CPU = Debug|Any CPU
		Release|Any CPU = Release|Any CPU
	EndGlobalSection
	GlobalSection(ProjectConfigurationPlatforms) = postSolution
		{CDBCFB67-F320-4E45-8B40-847568F7EC72}.Debug|Any CPU.ActiveCfg = Debug|Any CPU
		{CDBCFB67-F320-4E45-8B40-847568F7EC72}.Debug|Any CPU.Build.0 = Debug|Any CPU
		{CDBCFB67-F320-4E45-8B40-847568F7EC72}.Release|Any CPU.ActiveCfg = Release|Any CPU
		{CDBCFB67-F320-4E45-8B40-847568F7EC72}.Release|Any CPU.Build.0 = Release|Any CPU
		{E62887F2-9859-41BC-A282-69A4A57279E6}.Debug|Any CPU.ActiveCfg = Debug|Any CPU
		{E62887F2-9859-41BC-A282-69A4A57279E6}.Debug|Any CPU.Build.0 = Debug|Any CPU
		{E62887F2-9859-41BC-A282-69A4A57279E6}.Release|Any CPU.ActiveCfg = Release|Any CPU
		{E62887F2-9859-41BC-A282-69A4A57279E6}.Release|Any CPU.Build.0 = Release|Any CPU
		{08AFA99D-E5D8-4061-B162-5CC5188C4539}.Debug|Any CPU.ActiveCfg = Debug|Any CPU
		{08AFA99D-E5D8-4061-B162-5CC5188C4539}.Debug|Any CPU.Build.0 = Debug|Any CPU
		{08AFA99D-E5D8-4061-B162-5CC5188C4539}.Release|Any CPU.ActiveCfg = Release|Any CPU
		{08AFA99D-E5D8-4061-B162-5CC5188C4539}.Release|Any CPU.Build.0 = Release|Any CPU
		{54B3C129-CBAC-46B0-8BC3-6528DA800F54}.Debug|Any CPU.ActiveCfg = Debug|Any CPU
		{54B3C129-CBAC-46B0-8BC3-6528DA800F54}.Debug|Any CPU.Build.0 = Debug|Any CPU
		{54B3C129-CBAC-46B0-8BC3-6528DA800F54}.Release|Any CPU.ActiveCfg = Release|Any CPU
		{54B3C129-CBAC-46B0-8BC3-6528DA800F54}.Release|Any CPU.Build.0 = Release|Any CPU
		{8968470A-5DEB-43B7-8DE1-3FE15FC720CE}.Debug|Any CPU.ActiveCfg = Debug|Any CPU
		{8968470A-5DEB-43B7-8DE1-3FE15FC720CE}.Debug|Any CPU.Build.0 = Debug|Any CPU
		{8968470A-5DEB-43B7-8DE1-3FE15FC720CE}.Release|Any CPU.ActiveCfg = Release|Any CPU
		{8968470A-5DEB-43B7-8DE1-3FE15FC720CE}.Release|Any CPU.Build.0 = Release|Any CPU
	EndGlobalSection
	GlobalSection(SolutionProperties) = preSolution
		HideSolutionNode = FALSE
	EndGlobalSection
	GlobalSection(ExtensibilityGlobals) = postSolution
		SolutionGuid = {E5D500E9-8E9B-4882-8542-7F06691D98DE}
	EndGlobalSection
EndGlobal
